github.com/gorilla/websocket v1.5.3 h1:saDtZ6Pbx/0u+bgYQ3q96pZgCzfhKXGPqt7kZ72aNNg=
github.com/gorilla/websocket v1.5.3/go.mod h1:YR8l580nyteQvAITg2hZ9XVh4b55+EU/adAjf1fMHhE=
github.com/joho/dotenv v2.2.0+incompatible h1:8xL0SRBf5L+fG/f+odAIrUbuZ32Ab60P5Vs2krwH+Hw=
github.com/joho/dotenv v2.2.0+incompatible/go.mod h1:Fx12nBT8vzHuSnKi466wSDcZPVrMdE8+0e91lBaPQPk=
